{
  "name": "scriptdb-redux",
  "version": "1.0.0",
  "lockfileVersion": 3,
  "requires": true,
  "packages": {
    "": {
      "name": "scriptdb-redux",
      "version": "1.0.0",
      "license": "ISC",
      "dependencies": {
        "@mcpher/gas-flex-cache": "latest"
      }
    },
    "node_modules/@mcpher/gas-flex-cache": {
      "version": "1.1.5",
      "resolved": "https://registry.npmjs.org/@mcpher/gas-flex-cache/-/gas-flex-cache-1.1.5.tgz",
      "integrity": "sha512-O7FTQEJrsZVnIBG9UrYqp3KM8swu+d7YQ8rstIVmsavqJ0sEe6d6E37ON5J+KLsKF6qTssLNvU43hib/OkUrVw==",
      "license": "MIT",
      "dependencies": {
        "@sindresorhus/is": "^7.1.0"
      },
      "engines": {
        "node": ">=20.11.0"
      }
    },
    "node_modules/@sindresorhus/is": {
      "version": "7.2.0",
      "resolved": "https://registry.npmjs.org/@sindresorhus/is/-/is-7.2.0.tgz",
      "integrity": "sha512-P1Cz1dWaFfR4IR+U13mqqiGsLFf1KbayybWwdd2vfctdV6hDpUkgCY0nKOLLTMSoRd/jJNjtbqzf13K8DCCXQw==",
      "license": "MIT",
      "engines": {
        "node": ">=18"
      },
      "funding": {
        "url": "https://github.com/sindresorhus/is?sponsor=1"
      }
    }
  }
}
